// !$*UTF8*$!
{
	archiveVersion = 1;
	classes = {
	};
	objectVersion = 46;
	objects = {

/* Begin PBXBuildFile section */
		79B8CF1A471C6995ED94B90E /* libPods-asset.a in Frameworks */ = {isa = PBXBuildFile; fileRef = 6ABAF4434C027095CDD24E8A /* libPods-asset.a */; };
		80DDE2741E50267C000FAD5B /* InfoViewController.m in Sources */ = {isa = PBXBuildFile; fileRef = 80DDE2731E50267C000FAD5B /* InfoViewController.m */; };
		A44A75151E4C48380084EF3D /* main.m in Sources */ = {isa = PBXBuildFile; fileRef = A44A75141E4C48380084EF3D /* main.m */; };
		A44A75181E4C48380084EF3D /* AppDelegate.m in Sources */ = {isa = PBXBuildFile; fileRef = A44A75171E4C48380084EF3D /* AppDelegate.m */; };
		A44A751B1E4C48380084EF3D /* ViewController.m in Sources */ = {isa = PBXBuildFile; fileRef = A44A751A1E4C48380084EF3D /* ViewController.m */; };
		A44A75201E4C48380084EF3D /* Assets.xcassets in Resources */ = {isa = PBXBuildFile; fileRef = A44A751F1E4C48380084EF3D /* Assets.xcassets */; };
		A44A75231E4C48380084EF3D /* LaunchScreen.storyboard in Resources */ = {isa = PBXBuildFile; fileRef = A44A75211E4C48380084EF3D /* LaunchScreen.storyboard */; };
		D6CABA261E9BA2C1002D9D5A /* ScanViewController.m in Sources */ = {isa = PBXBuildFile; fileRef = D6CABA251E9BA2C1002D9D5A /* ScanViewController.m */; };
		D6EAB7B51ECA96EE0026FBB4 /* WelcomeViewController.m in Sources */ = {isa = PBXBuildFile; fileRef = D6EAB7B41ECA96EE0026FBB4 /* WelcomeViewController.m */; };
		D6EAB7C31ECAC4C30026FBB4 /* FunctionViewController.m in Sources */ = {isa = PBXBuildFile; fileRef = D6EAB7C21ECAC4C30026FBB4 /* FunctionViewController.m */; };
		D6EAB7E91ECAD0F60026FBB4 /* HistoryViewController.m in Sources */ = {isa = PBXBuildFile; fileRef = D6EAB7E81ECAD0F60026FBB4 /* HistoryViewController.m */; };
		D6EAB7EC1ECAD5EC0026FBB4 /* PITool.m in Sources */ = {isa = PBXBuildFile; fileRef = D6EAB7EB1ECAD5EC0026FBB4 /* PITool.m */; };
/* End PBXBuildFile section */

/* Begin PBXFileReference section */
		6ABAF4434C027095CDD24E8A /* libPods-asset.a */ = {isa = PBXFileReference; explicitFileType = archive.ar; includeInIndex = 0; path = "libPods-asset.a"; sourceTree = BUILT_PRODUCTS_DIR; };
		80DDE2721E50267C000FAD5B /* InfoViewController.h */ = {isa = PBXFileReference; fileEncoding = 4; lastKnownFileType = sourcecode.c.h; path = InfoViewController.h; sourceTree = "<group>"; };
		80DDE2731E50267C000FAD5B /* InfoViewController.m */ = {isa = PBXFileReference; fileEncoding = 4; lastKnownFileType = sourcecode.c.objc; path = InfoViewController.m; sourceTree = "<group>"; };
		846AF28740AE5514A79A53AD /* Pods-asset.release.xcconfig */ = {isa = PBXFileReference; includeInIndex = 1; lastKnownFileType = text.xcconfig; name = "Pods-asset.release.xcconfig"; path = "Pods/Target Support Files/Pods-asset/Pods-asset.release.xcconfig"; sourceTree = "<group>"; };
		A44A75101E4C48380084EF3D /* asset.app */ = {isa = PBXFileReference; explicitFileType = wrapper.application; includeInIndex = 0; path = asset.app; sourceTree = BUILT_PRODUCTS_DIR; };
		A44A75141E4C48380084EF3D /* main.m */ = {isa = PBXFileReference; lastKnownFileType = sourcecode.c.objc; path = main.m; sourceTree = "<group>"; };
		A44A75161E4C48380084EF3D /* AppDelegate.h */ = {isa = PBXFileReference; lastKnownFileType = sourcecode.c.h; path = AppDelegate.h; sourceTree = "<group>"; };
		A44A75171E4C48380084EF3D /* AppDelegate.m */ = {isa = PBXFileReference; lastKnownFileType = sourcecode.c.objc; path = AppDelegate.m; sourceTree = "<group>"; };
		A44A75191E4C48380084EF3D /* ViewController.h */ = {isa = PBXFileReference; lastKnownFileType = sourcecode.c.h; path = ViewController.h; sourceTree = "<group>"; };
		A44A751A1E4C48380084EF3D /* ViewController.m */ = {isa = PBXFileReference; lastKnownFileType = sourcecode.c.objc; path = ViewController.m; sourceTree = "<group>"; };
		A44A751F1E4C48380084EF3D /* Assets.xcassets */ = {isa = PBXFileReference; lastKnownFileType = folder.assetcatalog; path = Assets.xcassets; sourceTree = "<group>"; };
		A44A75221E4C48380084EF3D /* Base */ = {isa = PBXFileReference; lastKnownFileType = file.storyboard; name = Base; path = Base.lproj/LaunchScreen.storyboard; sourceTree = "<group>"; };
		A44A75241E4C48380084EF3D /* Info.plist */ = {isa = PBXFileReference; lastKnownFileType = text.plist.xml; path = Info.plist; sourceTree = "<group>"; };
		D6CABA241E9BA2C1002D9D5A /* ScanViewController.h */ = {isa = PBXFileReference; fileEncoding = 4; lastKnownFileType = sourcecode.c.h; path = ScanViewController.h; sourceTree = "<group>"; };
		D6CABA251E9BA2C1002D9D5A /* ScanViewController.m */ = {isa = PBXFileReference; fileEncoding = 4; lastKnownFileType = sourcecode.c.objc; path = ScanViewController.m; sourceTree = "<group>"; };
		D6EAB7B31ECA96EE0026FBB4 /* WelcomeViewController.h */ = {isa = PBXFileReference; fileEncoding = 4; lastKnownFileType = sourcecode.c.h; path = WelcomeViewController.h; sourceTree = "<group>"; };
		D6EAB7B41ECA96EE0026FBB4 /* WelcomeViewController.m */ = {isa = PBXFileReference; fileEncoding = 4; lastKnownFileType = sourcecode.c.objc; path = WelcomeViewController.m; sourceTree = "<group>"; };
		D6EAB7C11ECAC4C30026FBB4 /* FunctionViewController.h */ = {isa = PBXFileReference; fileEncoding = 4; lastKnownFileType = sourcecode.c.h; path = FunctionViewController.h; sourceTree = "<group>"; };
		D6EAB7C21ECAC4C30026FBB4 /* FunctionViewController.m */ = {isa = PBXFileReference; fileEncoding = 4; lastKnownFileType = sourcecode.c.objc; path = FunctionViewController.m; sourceTree = "<group>"; };
		D6EAB7E71ECAD0F60026FBB4 /* HistoryViewController.h */ = {isa = PBXFileReference; fileEncoding = 4; lastKnownFileType = sourcecode.c.h; path = HistoryViewController.h; sourceTree = "<group>"; };
		D6EAB7E81ECAD0F60026FBB4 /* HistoryViewController.m */ = {isa = PBXFileReference; fileEncoding = 4; lastKnownFileType = sourcecode.c.objc; path = HistoryViewController.m; sourceTree = "<group>"; };
		D6EAB7EA1ECAD5EC0026FBB4 /* PITool.h */ = {isa = PBXFileReference; fileEncoding = 4; lastKnownFileType = sourcecode.c.h; path = PITool.h; sourceTree = "<group>"; };
		D6EAB7EB1ECAD5EC0026FBB4 /* PITool.m */ = {isa = PBXFileReference; fileEncoding = 4; lastKnownFileType = sourcecode.c.objc; path = PITool.m; sourceTree = "<group>"; };
		E446E1C173D876EB33618386 /* Pods-asset.debug.xcconfig */ = {isa = PBXFileReference; includeInIndex = 1; lastKnownFileType = text.xcconfig; name = "Pods-asset.debug.xcconfig"; path = "Pods/Target Support Files/Pods-asset/Pods-asset.debug.xcconfig"; sourceTree = "<group>"; };
/* End PBXFileReference section */

/* Begin PBXFrameworksBuildPhase section */
		A44A750D1E4C48380084EF3D /* Frameworks */ = {
			isa = PBXFrameworksBuildPhase;
			buildActionMask = 2147483647;
			files = (
				79B8CF1A471C6995ED94B90E /* libPods-asset.a in Frameworks */,
			);
			runOnlyForDeploymentPostprocessing = 0;
		};
/* End PBXFrameworksBuildPhase section */

/* Begin PBXGroup section */
		55E54E25F55A81948C7D295A /* Frameworks */ = {
			isa = PBXGroup;
			children = (
				6ABAF4434C027095CDD24E8A /* libPods-asset.a */,
			);
			name = Frameworks;
			sourceTree = "<group>";
		};
		A44A75071E4C48380084EF3D = {
			isa = PBXGroup;
			children = (
				A44A75121E4C48380084EF3D /* asset */,
				A44A75111E4C48380084EF3D /* Products */,
				C7EB65FAECC433D8D3401984 /* Pods */,
				55E54E25F55A81948C7D295A /* Frameworks */,
			);
			sourceTree = "<group>";
		};
		A44A75111E4C48380084EF3D /* Products */ = {
			isa = PBXGroup;
			children = (
				A44A75101E4C48380084EF3D /* asset.app */,
			);
			name = Products;
			sourceTree = "<group>";
		};
		A44A75121E4C48380084EF3D /* asset */ = {
			isa = PBXGroup;
			children = (
				A44A75161E4C48380084EF3D /* AppDelegate.h */,
				A44A75171E4C48380084EF3D /* AppDelegate.m */,
				D6EAB7B31ECA96EE0026FBB4 /* WelcomeViewController.h */,
				D6EAB7B41ECA96EE0026FBB4 /* WelcomeViewController.m */,
				D6EAB7C11ECAC4C30026FBB4 /* FunctionViewController.h */,
				D6EAB7C21ECAC4C30026FBB4 /* FunctionViewController.m */,
				D6CABA241E9BA2C1002D9D5A /* ScanViewController.h */,
				D6CABA251E9BA2C1002D9D5A /* ScanViewController.m */,
				A44A75191E4C48380084EF3D /* ViewController.h */,
				A44A751A1E4C48380084EF3D /* ViewController.m */,
				80DDE2721E50267C000FAD5B /* InfoViewController.h */,
				80DDE2731E50267C000FAD5B /* InfoViewController.m */,
				D6EAB7EA1ECAD5EC0026FBB4 /* PITool.h */,
				D6EAB7EB1ECAD5EC0026FBB4 /* PITool.m */,
				D6EAB7E71ECAD0F60026FBB4 /* HistoryViewController.h */,
				D6EAB7E81ECAD0F60026FBB4 /* HistoryViewController.m */,
				A44A751F1E4C48380084EF3D /* Assets.xcassets */,
				A44A75211E4C48380084EF3D /* LaunchScreen.storyboard */,
				A44A75241E4C48380084EF3D /* Info.plist */,
				A44A75131E4C48380084EF3D /* Supporting Files */,
			);
			path = asset;
			sourceTree = "<group>";
		};
		A44A75131E4C48380084EF3D /* Supporting Files */ = {
			isa = PBXGroup;
			children = (
				A44A75141E4C48380084EF3D /* main.m */,
			);
			name = "Supporting Files";
			sourceTree = "<group>";
		};
		C7EB65FAECC433D8D3401984 /* Pods */ = {
			isa = PBXGroup;
			children = (
				E446E1C173D876EB33618386 /* Pods-asset.debug.xcconfig */,
				846AF28740AE5514A79A53AD /* Pods-asset.release.xcconfig */,
			);
			name = Pods;
			sourceTree = "<group>";
		};
/* End PBXGroup section */

/* Begin PBXNativeTarget section */
		A44A750F1E4C48380084EF3D /* asset */ = {
			isa = PBXNativeTarget;
			buildConfigurationList = A44A75271E4C48380084EF3D /* Build configuration list for PBXNativeTarget "asset" */;
			buildPhases = (
				B6D5FF7B9CA0981E4E51C64D /* [CP] Check Pods Manifest.lock */,
				A44A750C1E4C48380084EF3D /* Sources */,
				A44A750D1E4C48380084EF3D /* Frameworks */,
				A44A750E1E4C48380084EF3D /* Resources */,
				0A3521EF55CEBA5EFFFD19D2 /* [CP] Embed Pods Frameworks */,
				B7CF54A94C3A7267F982C5FC /* [CP] Copy Pods Resources */,
			);
			buildRules = (
			);
			dependencies = (
			);
			name = asset;
			productName = asset;
			productReference = A44A75101E4C48380084EF3D /* asset.app */;
			productType = "com.apple.product-type.application";
		};
/* End PBXNativeTarget section */

/* Begin PBXProject section */
		A44A75081E4C48380084EF3D /* Project object */ = {
			isa = PBXProject;
			attributes = {
				LastUpgradeCheck = 0820;
				ORGANIZATIONNAME = sun;
				TargetAttributes = {
					A44A750F1E4C48380084EF3D = {
						CreatedOnToolsVersion = 8.2.1;
						DevelopmentTeam = HYC6V2835U;
						ProvisioningStyle = Automatic;
					};
				};
			};
			buildConfigurationList = A44A750B1E4C48380084EF3D /* Build configuration list for PBXProject "asset" */;
			compatibilityVersion = "Xcode 3.2";
			developmentRegion = English;
			hasScannedForEncodings = 0;
			knownRegions = (
				en,
				Base,
			);
			mainGroup = A44A75071E4C48380084EF3D;
			productRefGroup = A44A75111E4C48380084EF3D /* Products */;
			projectDirPath = "";
			projectRoot = "";
			targets = (
				A44A750F1E4C48380084EF3D /* asset */,
			);
		};
/* End PBXProject section */

/* Begin PBXResourcesBuildPhase section */
		A44A750E1E4C48380084EF3D /* Resources */ = {
			isa = PBXResourcesBuildPhase;
			buildActionMask = 2147483647;
			files = (
				A44A75231E4C48380084EF3D /* LaunchScreen.storyboard in Resources */,
				A44A75201E4C48380084EF3D /* Assets.xcassets in Resources */,
			);
			runOnlyForDeploymentPostprocessing = 0;
		};
/* End PBXResourcesBuildPhase section */

/* Begin PBXShellScriptBuildPhase section */
		0A3521EF55CEBA5EFFFD19D2 /* [CP] Embed Pods Frameworks */ = {
			isa = PBXShellScriptBuildPhase;
			buildActionMask = 2147483647;
			files = (
			);
			inputPaths = (
			);
			name = "[CP] Embed Pods Frameworks";
			outputPaths = (
			);
			runOnlyForDeploymentPostprocessing = 0;
			shellPath = /bin/sh;
			shellScript = "\"${SRCROOT}/Pods/Target Support Files/Pods-asset/Pods-asset-frameworks.sh\"\n";
			showEnvVarsInLog = 0;
		};
		B6D5FF7B9CA0981E4E51C64D /* [CP] Check Pods Manifest.lock */ = {
			isa = PBXShellScriptBuildPhase;
			buildActionMask = 2147483647;
			files = (
			);
			inputPaths = (
			);
			name = "[CP] Check Pods Manifest.lock";
			outputPaths = (
			);
			runOnlyForDeploymentPostprocessing = 0;
			shellPath = /bin/sh;
			shellScript = "diff \"${PODS_ROOT}/../Podfile.lock\" \"${PODS_ROOT}/Manifest.lock\" > /dev/null\nif [ $? != 0 ] ; then\n    # print error to STDERR\n    echo \"error: The sandbox is not in sync with the Podfile.lock. Run 'pod install' or update your CocoaPods installation.\" >&2\n    exit 1\nfi\n";
			showEnvVarsInLog = 0;
		};
		B7CF54A94C3A7267F982C5FC /* [CP] Copy Pods Resources */ = {
			isa = PBXShellScriptBuildPhase;
			buildActionMask = 2147483647;
			files = (
			);
			inputPaths = (
			);
			name = "[CP] Copy Pods Resources";
			outputPaths = (
			);
			runOnlyForDeploymentPostprocessing = 0;
			shellPath = /bin/sh;
			shellScript = "\"${SRCROOT}/Pods/Target Support Files/Pods-asset/Pods-asset-resources.sh\"\n";
			showEnvVarsInLog = 0;
		};
/* End PBXShellScriptBuildPhase section */

/* Begin PBXSourcesBuildPhase section */
		A44A750C1E4C48380084EF3D /* Sources */ = {
			isa = PBXSourcesBuildPhase;
			buildActionMask = 2147483647;
			files = (
				A44A751B1E4C48380084EF3D /* ViewController.m in Sources */,
				D6CABA261E9BA2C1002D9D5A /* ScanViewController.m in Sources */,
				A44A75181E4C48380084EF3D /* AppDelegate.m in Sources */,
				D6EAB7E91ECAD0F60026FBB4 /* HistoryViewController.m in Sources */,
				80DDE2741E50267C000FAD5B /* InfoViewController.m in Sources */,
				A44A75151E4C48380084EF3D /* main.m in Sources */,
				D6EAB7B51ECA96EE0026FBB4 /* WelcomeViewController.m in Sources */,
				D6EAB7C31ECAC4C30026FBB4 /* FunctionViewController.m in Sources */,
				D6EAB7EC1ECAD5EC0026FBB4 /* PITool.m in Sources */,
			);
			runOnlyForDeploymentPostprocessing = 0;
		};
/* End PBXSourcesBuildPhase section */

/* Begin PBXVariantGroup section */
		A44A75211E4C48380084EF3D /* LaunchScreen.storyboard */ = {
			isa = PBXVariantGroup;
			children = (
				A44A75221E4C48380084EF3D /* Base */,
			);
			name = LaunchScreen.storyboard;
			sourceTree = "<group>";
		};
/* End PBXVariantGroup section */

/* Begin XCBuildConfiguration section */
		A44A75251E4C48380084EF3D /* Debug */ = {
			isa = XCBuildConfiguration;
			buildSettings = {
				ALWAYS_SEARCH_USER_PATHS = NO;
				CLANG_ANALYZER_NONNULL = YES;
				CLANG_CXX_LANGUAGE_STANDARD = "gnu++0x";
				CLANG_CXX_LIBRARY = "libc++";
				CLANG_ENABLE_MODULES = YES;
				CLANG_ENABLE_OBJC_ARC = YES;
				CLANG_WARN_BOOL_CONVERSION = YES;
				CLANG_WARN_CONSTANT_CONVERSION = YES;
				CLANG_WARN_DIRECT_OBJC_ISA_USAGE = YES_ERROR;
				CLANG_WARN_DOCUMENTATION_COMMENTS = YES;
				CLANG_WARN_EMPTY_BODY = YES;
				CLANG_WARN_ENUM_CONVERSION = YES;
				CLANG_WARN_INFINITE_RECURSION = YES;
				CLANG_WARN_INT_CONVERSION = YES;
				CLANG_WARN_OBJC_ROOT_CLASS = YES_ERROR;
				CLANG_WARN_SUSPICIOUS_MOVE = YES;
				CLANG_WARN_UNREACHABLE_CODE = YES;
				CLANG_WARN__DUPLICATE_METHOD_MATCH = YES;
				"CODE_SIGN_IDENTITY[sdk=iphoneos*]" = "iPhone Developer";
				COPY_PHASE_STRIP = NO;
				DEBUG_INFORMATION_FORMAT = dwarf;
				ENABLE_STRICT_OBJC_MSGSEND = YES;
				ENABLE_TESTABILITY = YES;
				GCC_C_LANGUAGE_STANDARD = gnu99;
				GCC_DYNAMIC_NO_PIC = NO;
				GCC_NO_COMMON_BLOCKS = YES;
				GCC_OPTIMIZATION_LEVEL = 0;
				GCC_PREPROCESSOR_DEFINITIONS = (
					"DEBUG=1",
					"$(inherited)",
				);
				GCC_WARN_64_TO_32_BIT_CONVERSION = YES;
				GCC_WARN_ABOUT_RETURN_TYPE = YES_ERROR;
				GCC_WARN_UNDECLARED_SELECTOR = YES;
				GCC_WARN_UNINITIALIZED_AUTOS = YES_AGGRESSIVE;
				GCC_WARN_UNUSED_FUNCTION = YES;
				GCC_WARN_UNUSED_VARIABLE = YES;
				IPHONEOS_DEPLOYMENT_TARGET = 10.2;
				MTL_ENABLE_DEBUG_INFO = YES;
				ONLY_ACTIVE_ARCH = YES;
				SDKROOT = iphoneos;
				TARGETED_DEVICE_FAMILY = "1,2";
			};
			name = Debug;
		};
		A44A75261E4C48380084EF3D /* Release */ = {
			isa = XCBuildConfiguration;
			buildSettings = {
				ALWAYS_SEARCH_USER_PATHS = NO;
				CLANG_ANALYZER_NONNULL = YES;
				CLANG_CXX_LANGUAGE_STANDARD = "gnu++0x";
				CLANG_CXX_LIBRARY = "libc++";
				CLANG_ENABLE_MODULES = YES;
				CLANG_ENABLE_OBJC_ARC = YES;
				CLANG_WARN_BOOL_CONVERSION = YES;
				CLANG_WARN_CONSTANT_CONVERSION = YES;
				CLANG_WARN_DIRECT_OBJC_ISA_USAGE = YES_ERROR;
				CLANG_WARN_DOCUMENTATION_COMMENTS = YES;
				CLANG_WARN_EMPTY_BODY = YES;
				CLANG_WARN_ENUM_CONVERSION = YES;
				CLANG_WARN_INFINITE_RECURSION = YES;
				CLANG_WARN_INT_CONVERSION = YES;
				CLANG_WARN_OBJC_ROOT_CLASS = YES_ERROR;
				CLANG_WARN_SUSPICIOUS_MOVE = YES;
				CLANG_WARN_UNREACHABLE_CODE = YES;
				CLANG_WARN__DUPLICATE_METHOD_MATCH = YES;
				"CODE_SIGN_IDENTITY[sdk=iphoneos*]" = "iPhone Developer";
				COPY_PHASE_STRIP = NO;
				DEBUG_INFORMATION_FORMAT = "dwarf-with-dsym";
				ENABLE_NS_ASSERTIONS = NO;
				ENABLE_STRICT_OBJC_MSGSEND = YES;
				GCC_C_LANGUAGE_STANDARD = gnu99;
				GCC_NO_COMMON_BLOCKS = YES;
				GCC_WARN_64_TO_32_BIT_CONVERSION = YES;
				GCC_WARN_ABOUT_RETURN_TYPE = YES_ERROR;
				GCC_WARN_UNDECLARED_SELECTOR = YES;
				GCC_WARN_UNINITIALIZED_AUTOS = YES_AGGRESSIVE;
				GCC_WARN_UNUSED_FUNCTION = YES;
				GCC_WARN_UNUSED_VARIABLE = YES;
				IPHONEOS_DEPLOYMENT_TARGET = 10.2;
				MTL_ENABLE_DEBUG_INFO = NO;
				SDKROOT = iphoneos;
				TARGETED_DEVICE_FAMILY = "1,2";
				VALIDATE_PRODUCT = YES;
			};
			name = Release;
		};
		A44A75281E4C48380084EF3D /* Debug */ = {
			isa = XCBuildConfiguration;
			baseConfigurationReference = E446E1C173D876EB33618386 /* Pods-asset.debug.xcconfig */;
			buildSettings = {
				ASSETCATALOG_COMPILER_APPICON_NAME = AppIcon;
				ASSETCATALOG_COMPILER_LAUNCHIMAGE_NAME = LaunchImage;
				"CODE_SIGN_IDENTITY[sdk=iphoneos*]" = "iPhone Developer";
				DEVELOPMENT_TEAM = HYC6V2835U;
				INFOPLIST_FILE = asset/Info.plist;
				LD_RUNPATH_SEARCH_PATHS = "$(inherited) @executable_path/Frameworks";
				PRODUCT_BUNDLE_IDENTIFIER = "cx.evil.-----";
				PRODUCT_NAME = "$(TARGET_NAME)";
			};
			name = Debug;
		};
		A44A75291E4C48380084EF3D /* Release */ = {
			isa = XCBuildConfiguration;
			baseConfigurationReference = 846AF28740AE5514A79A53AD /* Pods-asset.release.xcconfig */;
			buildSettings = {
				ASSETCATALOG_COMPILER_APPICON_NAME = AppIcon;
				ASSETCATALOG_COMPILER_LAUNCHIMAGE_NAME = LaunchImage;
				"CODE_SIGN_IDENTITY[sdk=iphoneos*]" = "iPhone Developer";
				DEVELOPMENT_TEAM = HYC6V2835U;
				INFOPLIST_FILE = asset/Info.plist;
				LD_RUNPATH_SEARCH_PATHS = "$(inherited) @executable_path/Frameworks";
				PRODUCT_BUNDLE_IDENTIFIER = "cx.evil.-----";
				PRODUCT_NAME = "$(TARGET_NAME)";
			};
			name = Release;
		};
/* End XCBuildConfiguration section */

/* Begin XCConfigurationList section */
		A44A750B1E4C48380084EF3D /* Build configuration list for PBXProject "asset" */ = {
			isa = XCConfigurationList;
			buildConfigurations = (
				A44A75251E4C48380084EF3D /* Debug */,
				A44A75261E4C48380084EF3D /* Release */,
			);
			defaultConfigurationIsVisible = 0;
			defaultConfigurationName = Release;
		};
		A44A75271E4C48380084EF3D /* Build configuration list for PBXNativeTarget "asset" */ = {
			isa = XCConfigurationList;
			buildConfigurations = (
				A44A75281E4C48380084EF3D /* Debug */,
				A44A75291E4C48380084EF3D /* Release */,
			);
			defaultConfigurationIsVisible = 0;
			defaultConfigurationName = Release;
		};
/* End XCConfigurationList section */
	};
	rootObject = A44A75081E4C48380084EF3D /* Project object */;
}
